// !$*UTF8*$!
{
	archiveVersion = 1;
	classes = {
	};
	objectVersion = 46;
	objects = {

/* Begin PBXBuildFile section */
		09208F0018E0201300C87108 /* Foundation.framework in Frameworks */ = {isa = PBXBuildFile; fileRef = 09208EFF18E0201300C87108 /* Foundation.framework */; };
		09208F0218E0201300C87108 /* CoreGraphics.framework in Frameworks */ = {isa = PBXBuildFile; fileRef = 09208F0118E0201300C87108 /* CoreGraphics.framework */; };
		09208F0418E0201300C87108 /* UIKit.framework in Frameworks */ = {isa = PBXBuildFile; fileRef = 09208F0318E0201300C87108 /* UIKit.framework */; };
		09208F0A18E0201300C87108 /* InfoPlist.strings in Resources */ = {isa = PBXBuildFile; fileRef = 09208F0818E0201300C87108 /* InfoPlist.strings */; };
		09208F0C18E0201300C87108 /* main.m in Sources */ = {isa = PBXBuildFile; fileRef = 09208F0B18E0201300C87108 /* main.m */; };
		09208F1018E0201300C87108 /* VWAppDelegate.m in Sources */ = {isa = PBXBuildFile; fileRef = 09208F0F18E0201300C87108 /* VWAppDelegate.m */; };
		09208F1318E0201300C87108 /* Main.storyboard in Resources */ = {isa = PBXBuildFile; fileRef = 09208F1118E0201300C87108 /* Main.storyboard */; };
		09208F1618E0201300C87108 /* VWViewController.m in Sources */ = {isa = PBXBuildFile; fileRef = 09208F1518E0201300C87108 /* VWViewController.m */; };
		09208F1818E0201300C87108 /* Images.xcassets in Resources */ = {isa = PBXBuildFile; fileRef = 09208F1718E0201300C87108 /* Images.xcassets */; };
		09208F1F18E0201300C87108 /* XCTest.framework in Frameworks */ = {isa = PBXBuildFile; fileRef = 09208F1E18E0201300C87108 /* XCTest.framework */; };
		09208F2018E0201300C87108 /* Foundation.framework in Frameworks */ = {isa = PBXBuildFile; fileRef = 09208EFF18E0201300C87108 /* Foundation.framework */; };
		09208F2118E0201300C87108 /* UIKit.framework in Frameworks */ = {isa = PBXBuildFile; fileRef = 09208F0318E0201300C87108 /* UIKit.framework */; };
		09208F2918E0201300C87108 /* InfoPlist.strings in Resources */ = {isa = PBXBuildFile; fileRef = 09208F2718E0201300C87108 /* InfoPlist.strings */; };
		09208F2B18E0201300C87108 /* Pirate_AdventureTests.m in Sources */ = {isa = PBXBuildFile; fileRef = 09208F2A18E0201300C87108 /* Pirate_AdventureTests.m */; };
/* End PBXBuildFile section */

/* Begin PBXContainerItemProxy section */
		09208F2218E0201300C87108 /* PBXContainerItemProxy */ = {
			isa = PBXContainerItemProxy;
			containerPortal = 09208EF418E0201300C87108 /* Project object */;
			proxyType = 1;
			remoteGlobalIDString = 09208EFB18E0201300C87108;
			remoteInfo = "Pirate Adventure";
		};
/* End PBXContainerItemProxy section */

/* Begin PBXFileReference section */
		09208EFC18E0201300C87108 /* Pirate Adventure.app */ = {isa = PBXFileReference; explicitFileType = wrapper.application; includeInIndex = 0; path = "Pirate Adventure.app"; sourceTree = BUILT_PRODUCTS_DIR; };
		09208EFF18E0201300C87108 /* Foundation.framework */ = {isa = PBXFileReference; lastKnownFileType = wrapper.framework; name = Foundation.framework; path = System/Library/Frameworks/Foundation.framework; sourceTree = SDKROOT; };
		09208F0118E0201300C87108 /* CoreGraphics.framework */ = {isa = PBXFileReference; lastKnownFileType = wrapper.framework; name = CoreGraphics.framework; path = System/Library/Frameworks/CoreGraphics.framework; sourceTree = SDKROOT; };
		09208F0318E0201300C87108 /* UIKit.framework */ = {isa = PBXFileReference; lastKnownFileType = wrapper.framework; name = UIKit.framework; path = System/Library/Frameworks/UIKit.framework; sourceTree = SDKROOT; };
		09208F0718E0201300C87108 /* Pirate Adventure-Info.plist */ = {isa = PBXFileReference; lastKnownFileType = text.plist.xml; path = "Pirate Adventure-Info.plist"; sourceTree = "<group>"; };
		09208F0918E0201300C87108 /* en */ = {isa = PBXFileReference; lastKnownFileType = text.plist.strings; name = en; path = en.lproj/InfoPlist.strings; sourceTree = "<group>"; };
		09208F0B18E0201300C87108 /* main.m */ = {isa = PBXFileReference; lastKnownFileType = sourcecode.c.objc; path = main.m; sourceTree = "<group>"; };
		09208F0D18E0201300C87108 /* Pirate Adventure-Prefix.pch */ = {isa = PBXFileReference; lastKnownFileType = sourcecode.c.h; path = "Pirate Adventure-Prefix.pch"; sourceTree = "<group>"; };
		09208F0E18E0201300C87108 /* VWAppDelegate.h */ = {isa = PBXFileReference; lastKnownFileType = sourcecode.c.h; path = VWAppDelegate.h; sourceTree = "<group>"; };
		09208F0F18E0201300C87108 /* VWAppDelegate.m */ = {isa = PBXFileReference; lastKnownFileType = sourcecode.c.objc; path = VWAppDelegate.m; sourceTree = "<group>"; };
		09208F1218E0201300C87108 /* Base */ = {isa = PBXFileReference; lastKnownFileType = file.storyboard; name = Base; path = Base.lproj/Main.storyboard; sourceTree = "<group>"; };
		09208F1418E0201300C87108 /* VWViewController.h */ = {isa = PBXFileReference; lastKnownFileType = sourcecode.c.h; path = VWViewController.h; sourceTree = "<group>"; };
		09208F1518E0201300C87108 /* VWViewController.m */ = {isa = PBXFileReference; lastKnownFileType = sourcecode.c.objc; path = VWViewController.m; sourceTree = "<group>"; };
		09208F1718E0201300C87108 /* Images.xcassets */ = {isa = PBXFileReference; lastKnownFileType = folder.assetcatalog; path = Images.xcassets; sourceTree = "<group>"; };
		09208F1D18E0201300C87108 /* Pirate AdventureTests.xctest */ = {isa = PBXFileReference; explicitFileType = wrapper.cfbundle; includeInIndex = 0; path = "Pirate AdventureTests.xctest"; sourceTree = BUILT_PRODUCTS_DIR; };
		09208F1E18E0201300C87108 /* XCTest.framework */ = {isa = PBXFileReference; lastKnownFileType = wrapper.framework; name = XCTest.framework; path = Library/Frameworks/XCTest.framework; sourceTree = DEVELOPER_DIR; };
		09208F2618E0201300C87108 /* Pirate AdventureTests-Info.plist */ = {isa = PBXFileReference; lastKnownFileType = text.plist.xml; path = "Pirate AdventureTests-Info.plist"; sourceTree = "<group>"; };
		09208F2818E0201300C87108 /* en */ = {isa = PBXFileReference; lastKnownFileType = text.plist.strings; name = en; path = en.lproj/InfoPlist.strings; sourceTree = "<group>"; };
		09208F2A18E0201300C87108 /* Pirate_AdventureTests.m */ = {isa = PBXFileReference; lastKnownFileType = sourcecode.c.objc; path = Pirate_AdventureTests.m; sourceTree = "<group>"; };
/* End PBXFileReference section */

/* Begin PBXFrameworksBuildPhase section */
		09208EF918E0201300C87108 /* Frameworks */ = {
			isa = PBXFrameworksBuildPhase;
			buildActionMask = 2147483647;
			files = (
				09208F0218E0201300C87108 /* CoreGraphics.framework in Frameworks */,
				09208F0418E0201300C87108 /* UIKit.framework in Frameworks */,
				09208F0018E0201300C87108 /* Foundation.framework in Frameworks */,
			);
			runOnlyForDeploymentPostprocessing = 0;
		};
		09208F1A18E0201300C87108 /* Frameworks */ = {
			isa = PBXFrameworksBuildPhase;
			buildActionMask = 2147483647;
			files = (
				09208F1F18E0201300C87108 /* XCTest.framework in Frameworks */,
				09208F2118E0201300C87108 /* UIKit.framework in Frameworks */,
				09208F2018E0201300C87108 /* Foundation.framework in Frameworks */,
			);
			runOnlyForDeploymentPostprocessing = 0;
		};
/* End PBXFrameworksBuildPhase section */

/* Begin PBXGroup section */
		09208EF318E0201300C87108 = {
			isa = PBXGroup;
			children = (
				09208F0518E0201300C87108 /* Pirate Adventure */,
				09208F2418E0201300C87108 /* Pirate AdventureTests */,
				09208EFE18E0201300C87108 /* Frameworks */,
				09208EFD18E0201300C87108 /* Products */,
			);
			sourceTree = "<group>";
		};
		09208EFD18E0201300C87108 /* Products */ = {
			isa = PBXGroup;
			children = (
				09208EFC18E0201300C87108 /* Pirate Adventure.app */,
				09208F1D18E0201300C87108 /* Pirate AdventureTests.xctest */,
			);
			name = Products;
			sourceTree = "<group>";
		};
		09208EFE18E0201300C87108 /* Frameworks */ = {
			isa = PBXGroup;
			children = (
				09208EFF18E0201300C87108 /* Foundation.framework */,
				09208F0118E0201300C87108 /* CoreGraphics.framework */,
				09208F0318E0201300C87108 /* UIKit.framework */,
				09208F1E18E0201300C87108 /* XCTest.framework */,
			);
			name = Frameworks;
			sourceTree = "<group>";
		};
		09208F0518E0201300C87108 /* Pirate Adventure */ = {
			isa = PBXGroup;
			children = (
				09208F0E18E0201300C87108 /* VWAppDelegate.h */,
				09208F0F18E0201300C87108 /* VWAppDelegate.m */,
				09208F1118E0201300C87108 /* Main.storyboard */,
				09208F1418E0201300C87108 /* VWViewController.h */,
				09208F1518E0201300C87108 /* VWViewController.m */,
				09208F1718E0201300C87108 /* Images.xcassets */,
				09208F0618E0201300C87108 /* Supporting Files */,
			);
			path = "Pirate Adventure";
			sourceTree = "<group>";
		};
		09208F0618E0201300C87108 /* Supporting Files */ = {
			isa = PBXGroup;
			children = (
				09208F0718E0201300C87108 /* Pirate Adventure-Info.plist */,
				09208F0818E0201300C87108 /* InfoPlist.strings */,
				09208F0B18E0201300C87108 /* main.m */,
				09208F0D18E0201300C87108 /* Pirate Adventure-Prefix.pch */,
			);
			name = "Supporting Files";
			sourceTree = "<group>";
		};
		09208F2418E0201300C87108 /* Pirate AdventureTests */ = {
			isa = PBXGroup;
			children = (
				09208F2A18E0201300C87108 /* Pirate_AdventureTests.m */,
				09208F2518E0201300C87108 /* Supporting Files */,
			);
			path = "Pirate AdventureTests";
			sourceTree = "<group>";
		};
		09208F2518E0201300C87108 /* Supporting Files */ = {
			isa = PBXGroup;
			children = (
				09208F2618E0201300C87108 /* Pirate AdventureTests-Info.plist */,
				09208F2718E0201300C87108 /* InfoPlist.strings */,
			);
			name = "Supporting Files";
			sourceTree = "<group>";
		};
/* End PBXGroup section */

/* Begin PBXNativeTarget section */
		09208EFB18E0201300C87108 /* Pirate Adventure */ = {
			isa = PBXNativeTarget;
			buildConfigurationList = 09208F2E18E0201300C87108 /* Build configuration list for PBXNativeTarget "Pirate Adventure" */;
			buildPhases = (
				09208EF818E0201300C87108 /* Sources */,
				09208EF918E0201300C87108 /* Frameworks */,
				09208EFA18E0201300C87108 /* Resources */,
			);
			buildRules = (
			);
			dependencies = (
			);
			name = "Pirate Adventure";
			productName = "Pirate Adventure";
			productReference = 09208EFC18E0201300C87108 /* Pirate Adventure.app */;
			productType = "com.apple.product-type.application";
		};
		09208F1C18E0201300C87108 /* Pirate AdventureTests */ = {
			isa = PBXNativeTarget;
			buildConfigurationList = 09208F3118E0201300C87108 /* Build configuration list for PBXNativeTarget "Pirate AdventureTests" */;
			buildPhases = (
				09208F1918E0201300C87108 /* Sources */,
				09208F1A18E0201300C87108 /* Frameworks */,
				09208F1B18E0201300C87108 /* Resources */,
			);
			buildRules = (
			);
			dependencies = (
				09208F2318E0201300C87108 /* PBXTargetDependency */,
			);
			name = "Pirate AdventureTests";
			productName = "Pirate AdventureTests";
			productReference = 09208F1D18E0201300C87108 /* Pirate AdventureTests.xctest */;
			productType = "com.apple.product-type.bundle.unit-test";
		};
/* End PBXNativeTarget section */

/* Begin PBXProject section */
		09208EF418E0201300C87108 /* Project object */ = {
			isa = PBXProject;
			attributes = {
				CLASSPREFIX = VW;
				LastUpgradeCheck = 0510;
				ORGANIZATIONNAME = VW;
				TargetAttributes = {
					09208F1C18E0201300C87108 = {
						TestTargetID = 09208EFB18E0201300C87108;
					};
				};
			};
			buildConfigurationList = 09208EF718E0201300C87108 /* Build configuration list for PBXProject "Pirate Adventure" */;
			compatibilityVersion = "Xcode 3.2";
			developmentRegion = English;
			hasScannedForEncodings = 0;
			knownRegions = (
				en,
				Base,
			);
			mainGroup = 09208EF318E0201300C87108;
			productRefGroup = 09208EFD18E0201300C87108 /* Products */;
			projectDirPath = "";
			projectRoot = "";
			targets = (
				09208EFB18E0201300C87108 /* Pirate Adventure */,
				09208F1C18E0201300C87108 /* Pirate AdventureTests */,
			);
		};
/* End PBXProject section */

/* Begin PBXResourcesBuildPhase section */
		09208EFA18E0201300C87108 /* Resources */ = {
			isa = PBXResourcesBuildPhase;
			buildActionMask = 2147483647;
			files = (
				09208F1818E0201300C87108 /* Images.xcassets in Resources */,
				09208F0A18E0201300C87108 /* InfoPlist.strings in Resources */,
				09208F1318E0201300C87108 /* Main.storyboard in Resources */,
			);
			runOnlyForDeploymentPostprocessing = 0;
		};
		09208F1B18E0201300C87108 /* Resources */ = {
			isa = PBXResourcesBuildPhase;
			buildActionMask = 2147483647;
			files = (
				09208F2918E0201300C87108 /* InfoPlist.strings in Resources */,
			);
			runOnlyForDeploymentPostprocessing = 0;
		};
/* End PBXResourcesBuildPhase section */

/* Begin PBXSourcesBuildPhase section */
		09208EF818E0201300C87108 /* Sources */ = {
			isa = PBXSourcesBuildPhase;
			buildActionMask = 2147483647;
			files = (
				09208F1618E0201300C87108 /* VWViewController.m in Sources */,
				09208F0C18E0201300C87108 /* main.m in Sources */,
				09208F1018E0201300C87108 /* VWAppDelegate.m in Sources */,
			);
			runOnlyForDeploymentPostprocessing = 0;
		};
		09208F1918E0201300C87108 /* Sources */ = {
			isa = PBXSourcesBuildPhase;
			buildActionMask = 2147483647;
			files = (
				09208F2B18E0201300C87108 /* Pirate_AdventureTests.m in Sources */,
			);
			runOnlyForDeploymentPostprocessing = 0;
		};
/* End PBXSourcesBuildPhase section */

/* Begin PBXTargetDependency section */
		09208F2318E0201300C87108 /* PBXTargetDependency */ = {
			isa = PBXTargetDependency;
			target = 09208EFB18E0201300C87108 /* Pirate Adventure */;
			targetProxy = 09208F2218E0201300C87108 /* PBXContainerItemProxy */;
		};
/* End PBXTargetDependency section */

/* Begin PBXVariantGroup section */
		09208F0818E0201300C87108 /* InfoPlist.strings */ = {
			isa = PBXVariantGroup;
			children = (
				09208F0918E0201300C87108 /* en */,
			);
			name = InfoPlist.strings;
			sourceTree = "<group>";
		};
		09208F1118E0201300C87108 /* Main.storyboard */ = {
			isa = PBXVariantGroup;
			children = (
				09208F1218E0201300C87108 /* Base */,
			);
			name = Main.storyboard;
			sourceTree = "<group>";
		};
		09208F2718E0201300C87108 /* InfoPlist.strings */ = {
			isa = PBXVariantGroup;
			children = (
				09208F2818E0201300C87108 /* en */,
			);
			name = InfoPlist.strings;
			sourceTree = "<group>";
		};
/* End PBXVariantGroup section */

/* Begin XCBuildConfiguration section */
		09208F2C18E0201300C87108 /* Debug */ = {
			isa = XCBuildConfiguration;
			buildSettings = {
				ALWAYS_SEARCH_USER_PATHS = NO;
				CLANG_CXX_LANGUAGE_STANDARD = "gnu++0x";
				CLANG_CXX_LIBRARY = "libc++";
				CLANG_ENABLE_MODULES = YES;
				CLANG_ENABLE_OBJC_ARC = YES;
				CLANG_WARN_BOOL_CONVERSION = YES;
				CLANG_WARN_CONSTANT_CONVERSION = YES;
				CLANG_WARN_DIRECT_OBJC_ISA_USAGE = YES_ERROR;
				CLANG_WARN_EMPTY_BODY = YES;
				CLANG_WARN_ENUM_CONVERSION = YES;
				CLANG_WARN_INT_CONVERSION = YES;
				CLANG_WARN_OBJC_ROOT_CLASS = YES_ERROR;
				CLANG_WARN__DUPLICATE_METHOD_MATCH = YES;
				"CODE_SIGN_IDENTITY[sdk=iphoneos*]" = "iPhone Developer";
				COPY_PHASE_STRIP = NO;
				GCC_C_LANGUAGE_STANDARD = gnu99;
				GCC_DYNAMIC_NO_PIC = NO;
				GCC_OPTIMIZATION_LEVEL = 0;
				GCC_PREPROCESSOR_DEFINITIONS = (
					"DEBUG=1",
					"$(inherited)",
				);
				GCC_SYMBOLS_PRIVATE_EXTERN = NO;
				GCC_WARN_64_TO_32_BIT_CONVERSION = YES;
				GCC_WARN_ABOUT_RETURN_TYPE = YES_ERROR;
				GCC_WARN_UNDECLARED_SELECTOR = YES;
				GCC_WARN_UNINITIALIZED_AUTOS = YES_AGGRESSIVE;
				GCC_WARN_UNUSED_FUNCTION = YES;
				GCC_WARN_UNUSED_VARIABLE = YES;
				IPHONEOS_DEPLOYMENT_TARGET = 7.1;
				ONLY_ACTIVE_ARCH = YES;
				SDKROOT = iphoneos;
			};
			name = Debug;
		};
		09208F2D18E0201300C87108 /* Release */ = {
			isa = XCBuildConfiguration;
			buildSettings = {
				ALWAYS_SEARCH_USER_PATHS = NO;
				CLANG_CXX_LANGUAGE_STANDARD = "gnu++0x";
				CLANG_CXX_LIBRARY = "libc++";
				CLANG_ENABLE_MODULES = YES;
				CLANG_ENABLE_OBJC_ARC = YES;
				CLANG_WARN_BOOL_CONVERSION = YES;
				CLANG_WARN_CONSTANT_CONVERSION = YES;
				CLANG_WARN_DIRECT_OBJC_ISA_USAGE = YES_ERROR;
				CLANG_WARN_EMPTY_BODY = YES;
				CLANG_WARN_ENUM_CONVERSION = YES;
				CLANG_WARN_INT_CONVERSION = YES;
				CLANG_WARN_OBJC_ROOT_CLASS = YES_ERROR;
				CLANG_WARN__DUPLICATE_METHOD_MATCH = YES;
				"CODE_SIGN_IDENTITY[sdk=iphoneos*]" = "iPhone Developer";
				COPY_PHASE_STRIP = YES;
				ENABLE_NS_ASSERTIONS = NO;
				GCC_C_LANGUAGE_STANDARD = gnu99;
				GCC_WARN_64_TO_32_BIT_CONVERSION = YES;
				GCC_WARN_ABOUT_RETURN_TYPE = YES_ERROR;
				GCC_WARN_UNDECLARED_SELECTOR = YES;
				GCC_WARN_UNINITIALIZED_AUTOS = YES_AGGRESSIVE;
				GCC_WARN_UNUSED_FUNCTION = YES;
				GCC_WARN_UNUSED_VARIABLE = YES;
				IPHONEOS_DEPLOYMENT_TARGET = 7.1;
				SDKROOT = iphoneos;
				VALIDATE_PRODUCT = YES;
			};
			name = Release;
		};
		09208F2F18E0201300C87108 /* Debug */ = {
			isa = XCBuildConfiguration;
			buildSettings = {
				ASSETCATALOG_COMPILER_APPICON_NAME = AppIcon;
				ASSETCATALOG_COMPILER_LAUNCHIMAGE_NAME = LaunchImage;
				GCC_PRECOMPILE_PREFIX_HEADER = YES;
				GCC_PREFIX_HEADER = "Pirate Adventure/Pirate Adventure-Prefix.pch";
				INFOPLIST_FILE = "Pirate Adventure/Pirate Adventure-Info.plist";
				PRODUCT_NAME = "$(TARGET_NAME)";
				WRAPPER_EXTENSION = app;
			};
			name = Debug;
		};
		09208F3018E0201300C87108 /* Release */ = {
			isa = XCBuildConfiguration;
			buildSettings = {
				ASSETCATALOG_COMPILER_APPICON_NAME = AppIcon;
				ASSETCATALOG_COMPILER_LAUNCHIMAGE_NAME = LaunchImage;
				GCC_PRECOMPILE_PREFIX_HEADER = YES;
				GCC_PREFIX_HEADER = "Pirate Adventure/Pirate Adventure-Prefix.pch";
				INFOPLIST_FILE = "Pirate Adventure/Pirate Adventure-Info.plist";
				PRODUCT_NAME = "$(TARGET_NAME)";
				WRAPPER_EXTENSION = app;
			};
			name = Release;
		};
		09208F3218E0201300C87108 /* Debug */ = {
			isa = XCBuildConfiguration;
			buildSettings = {
				BUNDLE_LOADER = "$(BUILT_PRODUCTS_DIR)/Pirate Adventure.app/Pirate Adventure";
				FRAMEWORK_SEARCH_PATHS = (
					"$(SDKROOT)/Developer/Library/Frameworks",
					"$(inherited)",
					"$(DEVELOPER_FRAMEWORKS_DIR)",
				);
				GCC_PRECOMPILE_PREFIX_HEADER = YES;
				GCC_PREFIX_HEADER = "Pirate Adventure/Pirate Adventure-Prefix.pch";
				GCC_PREPROCESSOR_DEFINITIONS = (
					"DEBUG=1",
					"$(inherited)",
				);
				INFOPLIST_FILE = "Pirate AdventureTests/Pirate AdventureTests-Info.plist";
				PRODUCT_NAME = "$(TARGET_NAME)";
				TEST_HOST = "$(BUNDLE_LOADER)";
				WRAPPER_EXTENSION = xctest;
			};
			name = Debug;
		};
		09208F3318E0201300C87108 /* Release */ = {
			isa = XCBuildConfiguration;
			buildSettings = {
				BUNDLE_LOADER = "$(BUILT_PRODUCTS_DIR)/Pirate Adventure.app/Pirate Adventure";
				FRAMEWORK_SEARCH_PATHS = (
					"$(SDKROOT)/Developer/Library/Frameworks",
					"$(inherited)",
					"$(DEVELOPER_FRAMEWORKS_DIR)",
				);
				GCC_PRECOMPILE_PREFIX_HEADER = YES;
				GCC_PREFIX_HEADER = "Pirate Adventure/Pirate Adventure-Prefix.pch";
				INFOPLIST_FILE = "Pirate AdventureTests/Pirate AdventureTests-Info.plist";
				PRODUCT_NAME = "$(TARGET_NAME)";
				TEST_HOST = "$(BUNDLE_LOADER)";
				WRAPPER_EXTENSION = xctest;
			};
			name = Release;
		};
/* End XCBuildConfiguration section */

/* Begin XCConfigurationList section */
		09208EF718E0201300C87108 /* Build configuration list for PBXProject "Pirate Adventure" */ = {
			isa = XCConfigurationList;
			buildConfigurations = (
				09208F2C18E0201300C87108 /* Debug */,
				09208F2D18E0201300C87108 /* Release */,
			);
			defaultConfigurationIsVisible = 0;
			defaultConfigurationName = Release;
		};
		09208F2E18E0201300C87108 /* Build configuration list for PBXNativeTarget "Pirate Adventure" */ = {
			isa = XCConfigurationList;
			buildConfigurations = (
				09208F2F18E0201300C87108 /* Debug */,
				09208F3018E0201300C87108 /* Release */,
			);
			defaultConfigurationIsVisible = 0;
		};
		09208F3118E0201300C87108 /* Build configuration list for PBXNativeTarget "Pirate AdventureTests" */ = {
			isa = XCConfigurationList;
			buildConfigurations = (
				09208F3218E0201300C87108 /* Debug */,
				09208F3318E0201300C87108 /* Release */,
			);
			defaultConfigurationIsVisible = 0;
		};
/* End XCConfigurationList section */
	};
	rootObject = 09208EF418E0201300C87108 /* Project object */;
}
